
Microsoft Visual Studio Solution File, Format Version 12.00
# Visual Studio 15
VisualStudioVersion = 15.0.28307.572
MinimumVisualStudioVersion = 10.0.40219.1
Project("{FAE04EC0-301F-11D3-BF4B-00C04F79EFBC}") = "ObjectDetection", "ObjectDetection\ObjectDetection.csproj", "{4607C9C9-70CE-4F27-BF57-0D47483DAC28}"
EndProject
Project("{FAE04EC0-301F-11D3-BF4B-00C04F79EFBC}") = "DetectionConsole", "DetectionConsole\DetectionConsole.csproj", "{1602CD81-4602-45E6-8F2B-75DF651333CC}"
EndProject
Project("{9A19103F-16F7-4668-BE54-9A1E7A4F7556}") = "AspObjectDetection", "AspObjectDetection\AspObjectDetection.csproj", "{7793C225-B1B6-4D75-993C-E7B1A6FAE66A}"
EndProject
Global
	GlobalSection(SolutionConfigurationPlatforms) = preSolution
		Debug|Any CPU = Debug|Any CPU
		Debug|x64 = Debug|x64
		Release|Any CPU = Release|Any CPU
		Release|x64 = Release|x64
	EndGlobalSection
	GlobalSection(ProjectConfigurationPlatforms) = postSolution
		{4607C9C9-70CE-4F27-BF57-0D47483DAC28}.Debug|Any CPU.ActiveCfg = Debug|Any CPU
		{4607C9C9-70CE-4F27-BF57-0D47483DAC28}.Debug|Any CPU.Build.0 = Debug|Any CPU
		{4607C9C9-70CE-4F27-BF57-0D47483DAC28}.Debug|x64.ActiveCfg = Debug|Any CPU
		{4607C9C9-70CE-4F27-BF57-0D47483DAC28}.Debug|x64.Build.0 = Debug|Any CPU
		{4607C9C9-70CE-4F27-BF57-0D47483DAC28}.Release|Any CPU.ActiveCfg = Release|Any CPU
		{4607C9C9-70CE-4F27-BF57-0D47483DAC28}.Release|Any CPU.Build.0 = Release|Any CPU
		{4607C9C9-70CE-4F27-BF57-0D47483DAC28}.Release|x64.ActiveCfg = Release|Any CPU
		{4607C9C9-70CE-4F27-BF57-0D47483DAC28}.Release|x64.Build.0 = Release|Any CPU
		{1602CD81-4602-45E6-8F2B-75DF651333CC}.Debug|Any CPU.ActiveCfg = Debug|Any CPU
		{1602CD81-4602-45E6-8F2B-75DF651333CC}.Debug|Any CPU.Build.0 = Debug|Any CPU
		{1602CD81-4602-45E6-8F2B-75DF651333CC}.Debug|x64.ActiveCfg = Debug|Any CPU
		{1602CD81-4602-45E6-8F2B-75DF651333CC}.Debug|x64.Build.0 = Debug|Any CPU
		{1602CD81-4602-45E6-8F2B-75DF651333CC}.Release|Any CPU.ActiveCfg = Release|Any CPU
		{1602CD81-4602-45E6-8F2B-75DF651333CC}.Release|Any CPU.Build.0 = Release|Any CPU
		{1602CD81-4602-45E6-8F2B-75DF651333CC}.Release|x64.ActiveCfg = Release|Any CPU
		{1602CD81-4602-45E6-8F2B-75DF651333CC}.Release|x64.Build.0 = Release|Any CPU
		{7793C225-B1B6-4D75-993C-E7B1A6FAE66A}.Debug|Any CPU.ActiveCfg = Debug|Any CPU
		{7793C225-B1B6-4D75-993C-E7B1A6FAE66A}.Debug|Any CPU.Build.0 = Debug|Any CPU
		{7793C225-B1B6-4D75-993C-E7B1A6FAE66A}.Debug|x64.ActiveCfg = Debug|x64
		{7793C225-B1B6-4D75-993C-E7B1A6FAE66A}.Debug|x64.Build.0 = Debug|x64
		{7793C225-B1B6-4D75-993C-E7B1A6FAE66A}.Release|Any CPU.ActiveCfg = Release|Any CPU
		{7793C225-B1B6-4D75-993C-E7B1A6FAE66A}.Release|Any CPU.Build.0 = Release|Any CPU
		{7793C225-B1B6-4D75-993C-E7B1A6FAE66A}.Release|x64.ActiveCfg = Release|x64
		{7793C225-B1B6-4D75-993C-E7B1A6FAE66A}.Release|x64.Build.0 = Release|x64
	EndGlobalSection
	GlobalSection(SolutionProperties) = preSolution
		HideSolutionNode = FALSE
	EndGlobalSection
	GlobalSection(ExtensibilityGlobals) = postSolution
		SolutionGuid = {DE165F65-A951-4E9A-A07C-0B3AEE566B0C}
	EndGlobalSection
EndGlobal
